
Microsoft Visual Studio Solution File, Format Version 12.00
# Visual Studio Version 17
VisualStudioVersion = 17.14.36327.8 d17.14
MinimumVisualStudioVersion = 10.0.40219.1
Project("{FAE04EC0-301F-11D3-BF4B-00C04F79EFBC}") = "APISimulada", "APISimulada.csproj", "{01E5DD9A-0EA8-47F3-92D0-B730B8A35480}"
EndProject
Global
	GlobalSection(SolutionConfigurationPlatforms) = preSolution
		Debug|Any CPU = Debug|Any CPU
		Release|Any CPU = Release|Any CPU
	EndGlobalSection
	GlobalSection(ProjectConfigurationPlatforms) = postSolution
		{01E5DD9A-0EA8-47F3-92D0-B730B8A35480}.Debug|Any CPU.ActiveCfg = Debug|Any CPU
		{01E5DD9A-0EA8-47F3-92D0-B730B8A35480}.Debug|Any CPU.Build.0 = Debug|Any CPU
		{01E5DD9A-0EA8-47F3-92D0-B730B8A35480}.Release|Any CPU.ActiveCfg = Release|Any CPU
		{01E5DD9A-0EA8-47F3-92D0-B730B8A35480}.Release|Any CPU.Build.0 = Release|Any CPU
	EndGlobalSection
	GlobalSection(SolutionProperties) = preSolution
		HideSolutionNode = FALSE
	EndGlobalSection
	GlobalSection(ExtensibilityGlobals) = postSolution
		SolutionGuid = {42201821-FBD5-4FD1-9A2C-18BD59B97364}
	EndGlobalSection
EndGlobal
