
Microsoft Visual Studio Solution File, Format Version 12.00
# Visual Studio Version 17
VisualStudioVersion = 17.0.31903.59
MinimumVisualStudioVersion = 10.0.40219.1
Project("{FAE04EC0-301F-11D3-BF4B-00C04F79EFBC}") = "Entradas.Dominio", "Entradas.Dominio\Entradas.Dominio.csproj", "{F2F892AD-9252-4AAE-B624-338B1BEBE7AB}"
EndProject
Project("{FAE04EC0-301F-11D3-BF4B-00C04F79EFBC}") = "Entradas.Aplicacion", "Entradas.Aplicacion\Entradas.Aplicacion.csproj", "{21C4BF0C-6D05-4D98-BBE5-0C052C7686FC}"
EndProject
Project("{FAE04EC0-301F-11D3-BF4B-00C04F79EFBC}") = "Entradas.Infraestructura", "Entradas.Infraestructura\Entradas.Infraestructura.csproj", "{E0833235-6F4A-4506-B109-A5CFE477FA31}"
EndProject
Project("{FAE04EC0-301F-11D3-BF4B-00C04F79EFBC}") = "Entradas.API", "Entradas.API\Entradas.API.csproj", "{DF518C6B-6604-47BF-8CE4-E84E57FAB64B}"
EndProject
Project("{FAE04EC0-301F-11D3-BF4B-00C04F79EFBC}") = "Entradas.Pruebas", "Entradas.Pruebas\Entradas.Pruebas.csproj", "{1ACD8214-6CD0-4EC1-916A-160E377D75BE}"
EndProject
Global
	GlobalSection(SolutionConfigurationPlatforms) = preSolution
		Debug|Any CPU = Debug|Any CPU
		Debug|x64 = Debug|x64
		Debug|x86 = Debug|x86
		Release|Any CPU = Release|Any CPU
		Release|x64 = Release|x64
		Release|x86 = Release|x86
	EndGlobalSection
	GlobalSection(ProjectConfigurationPlatforms) = postSolution
		{F2F892AD-9252-4AAE-B624-338B1BEBE7AB}.Debug|Any CPU.ActiveCfg = Debug|Any CPU
		{F2F892AD-9252-4AAE-B624-338B1BEBE7AB}.Debug|Any CPU.Build.0 = Debug|Any CPU
		{F2F892AD-9252-4AAE-B624-338B1BEBE7AB}.Debug|x64.ActiveCfg = Debug|Any CPU
		{F2F892AD-9252-4AAE-B624-338B1BEBE7AB}.Debug|x64.Build.0 = Debug|Any CPU
		{F2F892AD-9252-4AAE-B624-338B1BEBE7AB}.Debug|x86.ActiveCfg = Debug|Any CPU
		{F2F892AD-9252-4AAE-B624-338B1BEBE7AB}.Debug|x86.Build.0 = Debug|Any CPU
		{F2F892AD-9252-4AAE-B624-338B1BEBE7AB}.Release|Any CPU.ActiveCfg = Release|Any CPU
		{F2F892AD-9252-4AAE-B624-338B1BEBE7AB}.Release|Any CPU.Build.0 = Release|Any CPU
		{F2F892AD-9252-4AAE-B624-338B1BEBE7AB}.Release|x64.ActiveCfg = Release|Any CPU
		{F2F892AD-9252-4AAE-B624-338B1BEBE7AB}.Release|x64.Build.0 = Release|Any CPU
		{F2F892AD-9252-4AAE-B624-338B1BEBE7AB}.Release|x86.ActiveCfg = Release|Any CPU
		{F2F892AD-9252-4AAE-B624-338B1BEBE7AB}.Release|x86.Build.0 = Release|Any CPU
		{21C4BF0C-6D05-4D98-BBE5-0C052C7686FC}.Debug|Any CPU.ActiveCfg = Debug|Any CPU
		{21C4BF0C-6D05-4D98-BBE5-0C052C7686FC}.Debug|Any CPU.Build.0 = Debug|Any CPU
		{21C4BF0C-6D05-4D98-BBE5-0C052C7686FC}.Debug|x64.ActiveCfg = Debug|Any CPU
		{21C4BF0C-6D05-4D98-BBE5-0C052C7686FC}.Debug|x64.Build.0 = Debug|Any CPU
		{21C4BF0C-6D05-4D98-BBE5-0C052C7686FC}.Debug|x86.ActiveCfg = Debug|Any CPU
		{21C4BF0C-6D05-4D98-BBE5-0C052C7686FC}.Debug|x86.Build.0 = Debug|Any CPU
		{21C4BF0C-6D05-4D98-BBE5-0C052C7686FC}.Release|Any CPU.ActiveCfg = Release|Any CPU
		{21C4BF0C-6D05-4D98-BBE5-0C052C7686FC}.Release|Any CPU.Build.0 = Release|Any CPU
		{21C4BF0C-6D05-4D98-BBE5-0C052C7686FC}.Release|x64.ActiveCfg = Release|Any CPU
		{21C4BF0C-6D05-4D98-BBE5-0C052C7686FC}.Release|x64.Build.0 = Release|Any CPU
		{21C4BF0C-6D05-4D98-BBE5-0C052C7686FC}.Release|x86.ActiveCfg = Release|Any CPU
		{21C4BF0C-6D05-4D98-BBE5-0C052C7686FC}.Release|x86.Build.0 = Release|Any CPU
		{E0833235-6F4A-4506-B109-A5CFE477FA31}.Debug|Any CPU.ActiveCfg = Debug|Any CPU
		{E0833235-6F4A-4506-B109-A5CFE477FA31}.Debug|Any CPU.Build.0 = Debug|Any CPU
		{E0833235-6F4A-4506-B109-A5CFE477FA31}.Debug|x64.ActiveCfg = Debug|Any CPU
		{E0833235-6F4A-4506-B109-A5CFE477FA31}.Debug|x64.Build.0 = Debug|Any CPU
		{E0833235-6F4A-4506-B109-A5CFE477FA31}.Debug|x86.ActiveCfg = Debug|Any CPU
		{E0833235-6F4A-4506-B109-A5CFE477FA31}.Debug|x86.Build.0 = Debug|Any CPU
		{E0833235-6F4A-4506-B109-A5CFE477FA31}.Release|Any CPU.ActiveCfg = Release|Any CPU
		{E0833235-6F4A-4506-B109-A5CFE477FA31}.Release|Any CPU.Build.0 = Release|Any CPU
		{E0833235-6F4A-4506-B109-A5CFE477FA31}.Release|x64.ActiveCfg = Release|Any CPU
		{E0833235-6F4A-4506-B109-A5CFE477FA31}.Release|x64.Build.0 = Release|Any CPU
		{E0833235-6F4A-4506-B109-A5CFE477FA31}.Release|x86.ActiveCfg = Release|Any CPU
		{E0833235-6F4A-4506-B109-A5CFE477FA31}.Release|x86.Build.0 = Release|Any CPU
		{DF518C6B-6604-47BF-8CE4-E84E57FAB64B}.Debug|Any CPU.ActiveCfg = Debug|Any CPU
		{DF518C6B-6604-47BF-8CE4-E84E57FAB64B}.Debug|Any CPU.Build.0 = Debug|Any CPU
		{DF518C6B-6604-47BF-8CE4-E84E57FAB64B}.Debug|x64.ActiveCfg = Debug|Any CPU
		{DF518C6B-6604-47BF-8CE4-E84E57FAB64B}.Debug|x64.Build.0 = Debug|Any CPU
		{DF518C6B-6604-47BF-8CE4-E84E57FAB64B}.Debug|x86.ActiveCfg = Debug|Any CPU
		{DF518C6B-6604-47BF-8CE4-E84E57FAB64B}.Debug|x86.Build.0 = Debug|Any CPU
		{DF518C6B-6604-47BF-8CE4-E84E57FAB64B}.Release|Any CPU.ActiveCfg = Release|Any CPU
		{DF518C6B-6604-47BF-8CE4-E84E57FAB64B}.Release|Any CPU.Build.0 = Release|Any CPU
		{DF518C6B-6604-47BF-8CE4-E84E57FAB64B}.Release|x64.ActiveCfg = Release|Any CPU
		{DF518C6B-6604-47BF-8CE4-E84E57FAB64B}.Release|x64.Build.0 = Release|Any CPU
		{DF518C6B-6604-47BF-8CE4-E84E57FAB64B}.Release|x86.ActiveCfg = Release|Any CPU
		{DF518C6B-6604-47BF-8CE4-E84E57FAB64B}.Release|x86.Build.0 = Release|Any CPU
		{1ACD8214-6CD0-4EC1-916A-160E377D75BE}.Debug|Any CPU.ActiveCfg = Debug|Any CPU
		{1ACD8214-6CD0-4EC1-916A-160E377D75BE}.Debug|Any CPU.Build.0 = Debug|Any CPU
		{1ACD8214-6CD0-4EC1-916A-160E377D75BE}.Debug|x64.ActiveCfg = Debug|Any CPU
		{1ACD8214-6CD0-4EC1-916A-160E377D75BE}.Debug|x64.Build.0 = Debug|Any CPU
		{1ACD8214-6CD0-4EC1-916A-160E377D75BE}.Debug|x86.ActiveCfg = Debug|Any CPU
		{1ACD8214-6CD0-4EC1-916A-160E377D75BE}.Debug|x86.Build.0 = Debug|Any CPU
		{1ACD8214-6CD0-4EC1-916A-160E377D75BE}.Release|Any CPU.ActiveCfg = Release|Any CPU
		{1ACD8214-6CD0-4EC1-916A-160E377D75BE}.Release|Any CPU.Build.0 = Release|Any CPU
		{1ACD8214-6CD0-4EC1-916A-160E377D75BE}.Release|x64.ActiveCfg = Release|Any CPU
		{1ACD8214-6CD0-4EC1-916A-160E377D75BE}.Release|x64.Build.0 = Release|Any CPU
		{1ACD8214-6CD0-4EC1-916A-160E377D75BE}.Release|x86.ActiveCfg = Release|Any CPU
		{1ACD8214-6CD0-4EC1-916A-160E377D75BE}.Release|x86.Build.0 = Release|Any CPU
	EndGlobalSection
	GlobalSection(SolutionProperties) = preSolution
		HideSolutionNode = FALSE
	EndGlobalSection
EndGlobal
