
Microsoft Visual Studio Solution File, Format Version 12.00
# Visual Studio Version 17
VisualStudioVersion = 17.0.31903.59
MinimumVisualStudioVersion = 10.0.40219.1
Project("{2150E333-8FDC-42A3-9474-1A3956D46DE8}") = "src", "src", "{827E0CD3-B72D-47B6-A68D-7590B98EB39B}"
EndProject
Project("{FAE04EC0-301F-11D3-BF4B-00C04F79EFBC}") = "Marketing.API", "src\Marketing.API\Marketing.API.csproj", "{72B3901C-C00D-4DA2-9423-4BDB3592EB00}"
EndProject
Project("{FAE04EC0-301F-11D3-BF4B-00C04F79EFBC}") = "Marketing.Aplicacion", "src\Marketing.Aplicacion\Marketing.Aplicacion.csproj", "{AEB215C4-D7DA-42FC-A189-612FA5A8B07B}"
EndProject
Project("{FAE04EC0-301F-11D3-BF4B-00C04F79EFBC}") = "Marketing.Dominio", "src\Marketing.Dominio\Marketing.Dominio.csproj", "{F0BCE4FF-DD42-443E-A6E5-21940929D3CB}"
EndProject
Project("{FAE04EC0-301F-11D3-BF4B-00C04F79EFBC}") = "Marketing.Infraestructura", "src\Marketing.Infraestructura\Marketing.Infraestructura.csproj", "{108DCA74-6F34-4068-BD17-C84AACB0FDD4}"
EndProject
Project("{2150E333-8FDC-42A3-9474-1A3956D46DE8}") = "tests", "tests", "{0AB3BF05-4346-4AA6-1389-037BE0695223}"
EndProject
Project("{FAE04EC0-301F-11D3-BF4B-00C04F79EFBC}") = "Marketing.Pruebas", "tests\Marketing.Pruebas\Marketing.Pruebas.csproj", "{D1ACE544-26FA-4D33-9DA1-DDBF70BC4F08}"
EndProject
Global
	GlobalSection(SolutionConfigurationPlatforms) = preSolution
		Debug|Any CPU = Debug|Any CPU
		Debug|x64 = Debug|x64
		Debug|x86 = Debug|x86
		Release|Any CPU = Release|Any CPU
		Release|x64 = Release|x64
		Release|x86 = Release|x86
	EndGlobalSection
	GlobalSection(ProjectConfigurationPlatforms) = postSolution
		{72B3901C-C00D-4DA2-9423-4BDB3592EB00}.Debug|Any CPU.ActiveCfg = Debug|Any CPU
		{72B3901C-C00D-4DA2-9423-4BDB3592EB00}.Debug|Any CPU.Build.0 = Debug|Any CPU
		{72B3901C-C00D-4DA2-9423-4BDB3592EB00}.Debug|x64.ActiveCfg = Debug|Any CPU
		{72B3901C-C00D-4DA2-9423-4BDB3592EB00}.Debug|x64.Build.0 = Debug|Any CPU
		{72B3901C-C00D-4DA2-9423-4BDB3592EB00}.Debug|x86.ActiveCfg = Debug|Any CPU
		{72B3901C-C00D-4DA2-9423-4BDB3592EB00}.Debug|x86.Build.0 = Debug|Any CPU
		{72B3901C-C00D-4DA2-9423-4BDB3592EB00}.Release|Any CPU.ActiveCfg = Release|Any CPU
		{72B3901C-C00D-4DA2-9423-4BDB3592EB00}.Release|Any CPU.Build.0 = Release|Any CPU
		{72B3901C-C00D-4DA2-9423-4BDB3592EB00}.Release|x64.ActiveCfg = Release|Any CPU
		{72B3901C-C00D-4DA2-9423-4BDB3592EB00}.Release|x64.Build.0 = Release|Any CPU
		{72B3901C-C00D-4DA2-9423-4BDB3592EB00}.Release|x86.ActiveCfg = Release|Any CPU
		{72B3901C-C00D-4DA2-9423-4BDB3592EB00}.Release|x86.Build.0 = Release|Any CPU
		{AEB215C4-D7DA-42FC-A189-612FA5A8B07B}.Debug|Any CPU.ActiveCfg = Debug|Any CPU
		{AEB215C4-D7DA-42FC-A189-612FA5A8B07B}.Debug|Any CPU.Build.0 = Debug|Any CPU
		{AEB215C4-D7DA-42FC-A189-612FA5A8B07B}.Debug|x64.ActiveCfg = Debug|Any CPU
		{AEB215C4-D7DA-42FC-A189-612FA5A8B07B}.Debug|x64.Build.0 = Debug|Any CPU
		{AEB215C4-D7DA-42FC-A189-612FA5A8B07B}.Debug|x86.ActiveCfg = Debug|Any CPU
		{AEB215C4-D7DA-42FC-A189-612FA5A8B07B}.Debug|x86.Build.0 = Debug|Any CPU
		{AEB215C4-D7DA-42FC-A189-612FA5A8B07B}.Release|Any CPU.ActiveCfg = Release|Any CPU
		{AEB215C4-D7DA-42FC-A189-612FA5A8B07B}.Release|Any CPU.Build.0 = Release|Any CPU
		{AEB215C4-D7DA-42FC-A189-612FA5A8B07B}.Release|x64.ActiveCfg = Release|Any CPU
		{AEB215C4-D7DA-42FC-A189-612FA5A8B07B}.Release|x64.Build.0 = Release|Any CPU
		{AEB215C4-D7DA-42FC-A189-612FA5A8B07B}.Release|x86.ActiveCfg = Release|Any CPU
		{AEB215C4-D7DA-42FC-A189-612FA5A8B07B}.Release|x86.Build.0 = Release|Any CPU
		{F0BCE4FF-DD42-443E-A6E5-21940929D3CB}.Debug|Any CPU.ActiveCfg = Debug|Any CPU
		{F0BCE4FF-DD42-443E-A6E5-21940929D3CB}.Debug|Any CPU.Build.0 = Debug|Any CPU
		{F0BCE4FF-DD42-443E-A6E5-21940929D3CB}.Debug|x64.ActiveCfg = Debug|Any CPU
		{F0BCE4FF-DD42-443E-A6E5-21940929D3CB}.Debug|x64.Build.0 = Debug|Any CPU
		{F0BCE4FF-DD42-443E-A6E5-21940929D3CB}.Debug|x86.ActiveCfg = Debug|Any CPU
		{F0BCE4FF-DD42-443E-A6E5-21940929D3CB}.Debug|x86.Build.0 = Debug|Any CPU
		{F0BCE4FF-DD42-443E-A6E5-21940929D3CB}.Release|Any CPU.ActiveCfg = Release|Any CPU
		{F0BCE4FF-DD42-443E-A6E5-21940929D3CB}.Release|Any CPU.Build.0 = Release|Any CPU
		{F0BCE4FF-DD42-443E-A6E5-21940929D3CB}.Release|x64.ActiveCfg = Release|Any CPU
		{F0BCE4FF-DD42-443E-A6E5-21940929D3CB}.Release|x64.Build.0 = Release|Any CPU
		{F0BCE4FF-DD42-443E-A6E5-21940929D3CB}.Release|x86.ActiveCfg = Release|Any CPU
		{F0BCE4FF-DD42-443E-A6E5-21940929D3CB}.Release|x86.Build.0 = Release|Any CPU
		{108DCA74-6F34-4068-BD17-C84AACB0FDD4}.Debug|Any CPU.ActiveCfg = Debug|Any CPU
		{108DCA74-6F34-4068-BD17-C84AACB0FDD4}.Debug|Any CPU.Build.0 = Debug|Any CPU
		{108DCA74-6F34-4068-BD17-C84AACB0FDD4}.Debug|x64.ActiveCfg = Debug|Any CPU
		{108DCA74-6F34-4068-BD17-C84AACB0FDD4}.Debug|x64.Build.0 = Debug|Any CPU
		{108DCA74-6F34-4068-BD17-C84AACB0FDD4}.Debug|x86.ActiveCfg = Debug|Any CPU
		{108DCA74-6F34-4068-BD17-C84AACB0FDD4}.Debug|x86.Build.0 = Debug|Any CPU
		{108DCA74-6F34-4068-BD17-C84AACB0FDD4}.Release|Any CPU.ActiveCfg = Release|Any CPU
		{108DCA74-6F34-4068-BD17-C84AACB0FDD4}.Release|Any CPU.Build.0 = Release|Any CPU
		{108DCA74-6F34-4068-BD17-C84AACB0FDD4}.Release|x64.ActiveCfg = Release|Any CPU
		{108DCA74-6F34-4068-BD17-C84AACB0FDD4}.Release|x64.Build.0 = Release|Any CPU
		{108DCA74-6F34-4068-BD17-C84AACB0FDD4}.Release|x86.ActiveCfg = Release|Any CPU
		{108DCA74-6F34-4068-BD17-C84AACB0FDD4}.Release|x86.Build.0 = Release|Any CPU
		{D1ACE544-26FA-4D33-9DA1-DDBF70BC4F08}.Debug|Any CPU.ActiveCfg = Debug|Any CPU
		{D1ACE544-26FA-4D33-9DA1-DDBF70BC4F08}.Debug|Any CPU.Build.0 = Debug|Any CPU
		{D1ACE544-26FA-4D33-9DA1-DDBF70BC4F08}.Debug|x64.ActiveCfg = Debug|Any CPU
		{D1ACE544-26FA-4D33-9DA1-DDBF70BC4F08}.Debug|x64.Build.0 = Debug|Any CPU
		{D1ACE544-26FA-4D33-9DA1-DDBF70BC4F08}.Debug|x86.ActiveCfg = Debug|Any CPU
		{D1ACE544-26FA-4D33-9DA1-DDBF70BC4F08}.Debug|x86.Build.0 = Debug|Any CPU
		{D1ACE544-26FA-4D33-9DA1-DDBF70BC4F08}.Release|Any CPU.ActiveCfg = Release|Any CPU
		{D1ACE544-26FA-4D33-9DA1-DDBF70BC4F08}.Release|Any CPU.Build.0 = Release|Any CPU
		{D1ACE544-26FA-4D33-9DA1-DDBF70BC4F08}.Release|x64.ActiveCfg = Release|Any CPU
		{D1ACE544-26FA-4D33-9DA1-DDBF70BC4F08}.Release|x64.Build.0 = Release|Any CPU
		{D1ACE544-26FA-4D33-9DA1-DDBF70BC4F08}.Release|x86.ActiveCfg = Release|Any CPU
		{D1ACE544-26FA-4D33-9DA1-DDBF70BC4F08}.Release|x86.Build.0 = Release|Any CPU
	EndGlobalSection
	GlobalSection(SolutionProperties) = preSolution
		HideSolutionNode = FALSE
	EndGlobalSection
	GlobalSection(NestedProjects) = preSolution
		{72B3901C-C00D-4DA2-9423-4BDB3592EB00} = {827E0CD3-B72D-47B6-A68D-7590B98EB39B}
		{AEB215C4-D7DA-42FC-A189-612FA5A8B07B} = {827E0CD3-B72D-47B6-A68D-7590B98EB39B}
		{F0BCE4FF-DD42-443E-A6E5-21940929D3CB} = {827E0CD3-B72D-47B6-A68D-7590B98EB39B}
		{108DCA74-6F34-4068-BD17-C84AACB0FDD4} = {827E0CD3-B72D-47B6-A68D-7590B98EB39B}
		{D1ACE544-26FA-4D33-9DA1-DDBF70BC4F08} = {0AB3BF05-4346-4AA6-1389-037BE0695223}
	EndGlobalSection
EndGlobal
